
Microsoft Visual Studio Solution File, Format Version 12.00
# Visual Studio Version 17
VisualStudioVersion = 17.11.35222.181
MinimumVisualStudioVersion = 10.0.40219.1
Project("{FAE04EC0-301F-11D3-BF4B-00C04F79EFBC}") = "WpfApp1", "WpfApp1\WpfApp1.csproj", "{754B6D97-D365-4166-BF3C-B03C7DEA75D0}"
EndProject
Global
	GlobalSection(SolutionConfigurationPlatforms) = preSolution
		Debug|Any CPU = Debug|Any CPU
		Release|Any CPU = Release|Any CPU
	EndGlobalSection
	GlobalSection(ProjectConfigurationPlatforms) = postSolution
		{754B6D97-D365-4166-BF3C-B03C7DEA75D0}.Debug|Any CPU.ActiveCfg = Debug|Any CPU
		{754B6D97-D365-4166-BF3C-B03C7DEA75D0}.Debug|Any CPU.Build.0 = Debug|Any CPU
		{754B6D97-D365-4166-BF3C-B03C7DEA75D0}.Release|Any CPU.ActiveCfg = Release|Any CPU
		{754B6D97-D365-4166-BF3C-B03C7DEA75D0}.Release|Any CPU.Build.0 = Release|Any CPU
	EndGlobalSection
	GlobalSection(SolutionProperties) = preSolution
		HideSolutionNode = FALSE
	EndGlobalSection
	GlobalSection(ExtensibilityGlobals) = postSolution
		SolutionGuid = {1ACA5D42-56C7-487D-B6B3-DAB13ADBA6FF}
	EndGlobalSection
EndGlobal
